speakeasyVersion: 1.456.1
sources:
    merge-code-samples-into-spec:
        sourceNamespace: merge-code-samples-into-spec
        sourceRevisionDigest: sha256:6ab78baad0c4f1d0c76f10aefe49d9863af16ddc52fbc86174464473a48bf744
        sourceBlobDigest: sha256:3745defa5741d15f5f03cec1151b4fe798d672c84a8a484b8c0207e2e3742417
        tags:
            - latest
            - speakeasy-sdk-regen-1733963588
            - 0.0.1
targets: {}
workflow:
    workflowVersion: 1.0.0
    speakeasyVersion: latest
    sources:
        merge-code-samples-into-spec:
            inputs:
                - location: registry.speakeasyapi.dev/hathora/hathora/my-source
            overlays:
                - location: registry.speakeasyapi.dev/hathora/hathora/code-samples-unity-cloud-sdk-unity:main
                - location: registry.speakeasyapi.dev/hathora/hathora/code-samples-typescript-hathora-typescript:main
                - location: registry.speakeasyapi.dev/hathora/hathora/code-samples-java-hathora-java:main
            output: openapi-with-code-samples.json
            registry:
                location: registry.speakeasyapi.dev/hathora/hathora/merge-code-samples-into-spec
    targets: {}
